
Microsoft Visual Studio Solution File, Format Version 12.00
# Visual Studio Version 17
VisualStudioVersion = 17.8.34511.84
MinimumVisualStudioVersion = 10.0.40219.1
Project("{FAE04EC0-301F-11D3-BF4B-00C04F79EFBC}") = "DockerTest", "DockerTest\DockerTest.csproj", "{386EF917-62A5-4304-8562-95B4E0ACE1C6}"
EndProject
Global
	GlobalSection(SolutionConfigurationPlatforms) = preSolution
		Debug|Any CPU = Debug|Any CPU
		Release|Any CPU = Release|Any CPU
	EndGlobalSection
	GlobalSection(ProjectConfigurationPlatforms) = postSolution
		{386EF917-62A5-4304-8562-95B4E0ACE1C6}.Debug|Any CPU.ActiveCfg = Debug|Any CPU
		{386EF917-62A5-4304-8562-95B4E0ACE1C6}.Debug|Any CPU.Build.0 = Debug|Any CPU
		{386EF917-62A5-4304-8562-95B4E0ACE1C6}.Release|Any CPU.ActiveCfg = Release|Any CPU
		{386EF917-62A5-4304-8562-95B4E0ACE1C6}.Release|Any CPU.Build.0 = Release|Any CPU
	EndGlobalSection
	GlobalSection(SolutionProperties) = preSolution
		HideSolutionNode = FALSE
	EndGlobalSection
	GlobalSection(ExtensibilityGlobals) = postSolution
		SolutionGuid = {F9DB4A81-9155-41C3-8CCF-560A27948AE7}
	EndGlobalSection
EndGlobal
